
Microsoft Visual Studio Solution File, Format Version 12.00
# Visual Studio 15
VisualStudioVersion = 15.0.28307.271
MinimumVisualStudioVersion = 10.0.40219.1
Project("{D2ABAB84-BF74-430A-B69E-9DC6D40DDA17}") = "MultidimensionalProject_SecurityPart3", "MultidimensionalProject_SecurityPart3\MultidimensionalProject_SecurityPart3.dwproj", "{5DD215EC-C898-415F-892A-64699EBB8332}"
EndProject
Global
	GlobalSection(SolutionConfigurationPlatforms) = preSolution
		Development|Default = Development|Default
	EndGlobalSection
	GlobalSection(ProjectConfigurationPlatforms) = postSolution
		{5DD215EC-C898-415F-892A-64699EBB8332}.Development|Default.ActiveCfg = Development
		{5DD215EC-C898-415F-892A-64699EBB8332}.Development|Default.Build.0 = Development
		{5DD215EC-C898-415F-892A-64699EBB8332}.Development|Default.Deploy.0 = Development
	EndGlobalSection
	GlobalSection(SolutionProperties) = preSolution
		HideSolutionNode = FALSE
	EndGlobalSection
	GlobalSection(ExtensibilityGlobals) = postSolution
		SolutionGuid = {1C40BA1C-CED6-4093-9696-7CBD85B21E65}
	EndGlobalSection
EndGlobal
